lockfileVersion: '9.0'

settings:
  autoInstallPeers: true
  excludeLinksFromLockfile: false

overrides:
  opencoattails: 'link:'

importers:

  .:
    dependencies:
      '@opencoattails/opencode-live-store':
        specifier: workspace:*
        version: link:packages/opencode-live-store
      opencoattails:
        specifier: 'link:'
        version: 'link:'
    devDependencies:
      '@opencoattails/query-domain':
        specifier: workspace:*
        version: link:packages/query-domain
      '@opencoattails/test-contracts':
        specifier: workspace:*
        version: link:packages/test-contracts
      '@types/node':
        specifier: ^26.2.0
        version: 26.2.0
      '@typescript/native-preview':
        specifier: 7.0.0-dev.20260707.2
        version: 7.0.0-dev.20260707.2

  packages/opencode-live-store:
    dependencies:
      '@opencoattails/query-domain':
        specifier: workspace:*
        version: link:../query-domain
      kysely:
        specifier: 0.29.5
        version: 0.29.5
    devDependencies:
      '@opencoattails/test-contracts':
        specifier: workspace:*
        version: link:../test-contracts

  packages/query-domain: {}

  packages/test-contracts:
    dependencies:
      '@opencoattails/query-domain':
        specifier: workspace:*
        version: link:../query-domain

packages:

  '@types/node@26.2.0':
    resolution: {integrity: sha512-5IviulTZeRNp2vAJ514cc/HUlY5nZ9fCbq9DMyC52BrhFZACo3nI0R7qBxhQmo/d27NFe96ur/b7Wwxklda+kg==}

  '@typescript/native-preview-darwin-arm64@7.0.0-dev.20260707.2':
    resolution: {integrity: sha512-wny2pgKjGbiZtnOIHVa3tXC1UfDqxNEFzyPGmiqybedG8hipG2Nfp0l5UxbaKCjkLacUpH/W5bP2hBOMVhCOzg==}
    engines: {node: '>=16.20.0'}
    cpu: [arm64]
    os: [darwin]

  '@typescript/native-preview-darwin-x64@7.0.0-dev.20260707.2':
    resolution: {integrity: sha512-Afc7M5zOwo+GpfcYwz5Z8HMB2tPVsui7nNIqEuuFB73MPdVqNn/Wmpe4tP4MRri0AtJnJknoHBaTJ/VDAp/Jhw==}
    engines: {node: '>=16.20.0'}
    cpu: [x64]
    os: [darwin]

  '@typescript/native-preview-linux-arm64@7.0.0-dev.20260707.2':
    resolution: {integrity: sha512-iITBa2WjjTI5N9t5l7Z4KoOSI+2zBlhbvFzsD/f8qX8QoKjz/Y4DPyBDgezYi8nkqjjksbgSOJ3/ykzhwrB9cg==}
    engines: {node: '>=16.20.0'}
    cpu: [arm64]
    os: [linux]

  '@typescript/native-preview-linux-arm@7.0.0-dev.20260707.2':
    resolution: {integrity: sha512-hJm/UOqZTr9FHmR7uNm8VGX4oKtfWk0Jem0zPeJFNC8ckGUfSBueyiEYMZB+XmRc1aG4x1E46y3CplP4CLHvGQ==}
    engines: {node: '>=16.20.0'}
    cpu: [arm]
    os: [linux]

  '@typescript/native-preview-linux-x64@7.0.0-dev.20260707.2':
    resolution: {integrity: sha512-du0dzi6y97Po5vDNdPJTyyijHCpaS22JLRnKZEJXBDaO9gCIymOv/5QQokFRuOlQm0bWl3i9PF4OVdGP6uAOQA==}
    engines: {node: '>=16.20.0'}
    cpu: [x64]
    os: [linux]

  '@typescript/native-preview-win32-arm64@7.0.0-dev.20260707.2':
    resolution: {integrity: sha512-SsAwfhyHJ1akgBc+99z4+hwdbHsdWaKB8EwCNIMA6JfSLMeUjffrYvxu+vfMyxVtOVOz7RrRXRoiDiu4a2sCtg==}
    engines: {node: '>=16.20.0'}
    cpu: [arm64]
    os: [win32]

  '@typescript/native-preview-win32-x64@7.0.0-dev.20260707.2':
    resolution: {integrity: sha512-DL4u27stv0fo71sVhOzHSwE+YMZsbBijVI+kg5dLDLilSH79WFTJ8RSQ46vJrCMt+Gjlv/JOZP1PuLJDfioYeQ==}
    engines: {node: '>=16.20.0'}
    cpu: [x64]
    os: [win32]

  '@typescript/native-preview@7.0.0-dev.20260707.2':
    resolution: {integrity: sha512-oUGp+Rep/hqMhPunyinsALUwSlzHINSxitifPiSaeqoKOKD2OlR9NE3TaPqwsl4NlGslsOSUXI1JotWQzpYCPg==}
    engines: {node: '>=16.20.0'}
    hasBin: true

  kysely@0.29.5:
    resolution: {integrity: sha512-ooa+eSbBNPTo3MycPEuW5jdrxQdQwdtB3LC3h43FiXQbIry5tR0C5lDG7eealK0E4D7XjrnOP5DIUg/LyjRMYQ==}
    engines: {node: '>=22.0.0'}

  undici-types@8.3.0:
    resolution: {integrity: sha512-j375ScV60dom+YkPFIfTLcOiPxkN/buHz5GobjLhixFuANaNs3C9l4GmrWqejgXWJ7BbJcFYpTEUkS1Ge8bpZQ==}

snapshots:

  '@types/node@26.2.0':
    dependencies:
      undici-types: 8.3.0

  '@typescript/native-preview-darwin-arm64@7.0.0-dev.20260707.2':
    optional: true

  '@typescript/native-preview-darwin-x64@7.0.0-dev.20260707.2':
    optional: true

  '@typescript/native-preview-linux-arm64@7.0.0-dev.20260707.2':
    optional: true

  '@typescript/native-preview-linux-arm@7.0.0-dev.20260707.2':
    optional: true

  '@typescript/native-preview-linux-x64@7.0.0-dev.20260707.2':
    optional: true

  '@typescript/native-preview-win32-arm64@7.0.0-dev.20260707.2':
    optional: true

  '@typescript/native-preview-win32-x64@7.0.0-dev.20260707.2':
    optional: true

  '@typescript/native-preview@7.0.0-dev.20260707.2':
    optionalDependencies:
      '@typescript/native-preview-darwin-arm64': 7.0.0-dev.20260707.2
      '@typescript/native-preview-darwin-x64': 7.0.0-dev.20260707.2
      '@typescript/native-preview-linux-arm': 7.0.0-dev.20260707.2
      '@typescript/native-preview-linux-arm64': 7.0.0-dev.20260707.2
      '@typescript/native-preview-linux-x64': 7.0.0-dev.20260707.2
      '@typescript/native-preview-win32-arm64': 7.0.0-dev.20260707.2
      '@typescript/native-preview-win32-x64': 7.0.0-dev.20260707.2

  kysely@0.29.5: {}

  undici-types@8.3.0: {}
